// !$*UTF8*$!
{
	archiveVersion = 1;
	classes = {
	};
	objectVersion = 46;
	objects = {

/* Begin PBXBuildFile section */
		844BFA7C1AE2D5C1003E18E4 /* AppDelegate.swift in Sources */ = {isa = PBXBuildFile; fileRef = 844BFA7B1AE2D5C1003E18E4 /* AppDelegate.swift */; };
		844BFA7E1AE2D5C1003E18E4 /* ViewController.swift in Sources */ = {isa = PBXBuildFile; fileRef = 844BFA7D1AE2D5C1003E18E4 /* ViewController.swift */; };
		844BFA811AE2D5C1003E18E4 /* Main.storyboard in Resources */ = {isa = PBXBuildFile; fileRef = 844BFA7F1AE2D5C1003E18E4 /* Main.storyboard */; };
		844BFA831AE2D5C1003E18E4 /* Images.xcassets in Resources */ = {isa = PBXBuildFile; fileRef = 844BFA821AE2D5C1003E18E4 /* Images.xcassets */; };
		844BFA861AE2D5C1003E18E4 /* LaunchScreen.xib in Resources */ = {isa = PBXBuildFile; fileRef = 844BFA841AE2D5C1003E18E4 /* LaunchScreen.xib */; };
		844BFA921AE2D5C1003E18E4 /* PplwareTableViewExample1Tests.swift in Sources */ = {isa = PBXBuildFile; fileRef = 844BFA911AE2D5C1003E18E4 /* PplwareTableViewExample1Tests.swift */; };
/* End PBXBuildFile section */

/* Begin PBXContainerItemProxy section */
		844BFA8C1AE2D5C1003E18E4 /* PBXContainerItemProxy */ = {
			isa = PBXContainerItemProxy;
			containerPortal = 844BFA6E1AE2D5C1003E18E4 /* Project object */;
			proxyType = 1;
			remoteGlobalIDString = 844BFA751AE2D5C1003E18E4;
			remoteInfo = PplwareTableViewExample1;
		};
/* End PBXContainerItemProxy section */

/* Begin PBXFileReference section */
		844BFA761AE2D5C1003E18E4 /* PplwareTableViewExample1.app */ = {isa = PBXFileReference; explicitFileType = wrapper.application; includeInIndex = 0; path = PplwareTableViewExample1.app; sourceTree = BUILT_PRODUCTS_DIR; };
		844BFA7A1AE2D5C1003E18E4 /* Info.plist */ = {isa = PBXFileReference; lastKnownFileType = text.plist.xml; path = Info.plist; sourceTree = "<group>"; };
		844BFA7B1AE2D5C1003E18E4 /* AppDelegate.swift */ = {isa = PBXFileReference; lastKnownFileType = sourcecode.swift; path = AppDelegate.swift; sourceTree = "<group>"; };
		844BFA7D1AE2D5C1003E18E4 /* ViewController.swift */ = {isa = PBXFileReference; lastKnownFileType = sourcecode.swift; path = ViewController.swift; sourceTree = "<group>"; };
		844BFA801AE2D5C1003E18E4 /* Base */ = {isa = PBXFileReference; lastKnownFileType = file.storyboard; name = Base; path = Base.lproj/Main.storyboard; sourceTree = "<group>"; };
		844BFA821AE2D5C1003E18E4 /* Images.xcassets */ = {isa = PBXFileReference; lastKnownFileType = folder.assetcatalog; path = Images.xcassets; sourceTree = "<group>"; };
		844BFA851AE2D5C1003E18E4 /* Base */ = {isa = PBXFileReference; lastKnownFileType = file.xib; name = Base; path = Base.lproj/LaunchScreen.xib; sourceTree = "<group>"; };
		844BFA8B1AE2D5C1003E18E4 /* PplwareTableViewExample1Tests.xctest */ = {isa = PBXFileReference; explicitFileType = wrapper.cfbundle; includeInIndex = 0; path = PplwareTableViewExample1Tests.xctest; sourceTree = BUILT_PRODUCTS_DIR; };
		844BFA901AE2D5C1003E18E4 /* Info.plist */ = {isa = PBXFileReference; lastKnownFileType = text.plist.xml; path = Info.plist; sourceTree = "<group>"; };
		844BFA911AE2D5C1003E18E4 /* PplwareTableViewExample1Tests.swift */ = {isa = PBXFileReference; lastKnownFileType = sourcecode.swift; path = PplwareTableViewExample1Tests.swift; sourceTree = "<group>"; };
/* End PBXFileReference section */

/* Begin PBXFrameworksBuildPhase section */
		844BFA731AE2D5C1003E18E4 /* Frameworks */ = {
			isa = PBXFrameworksBuildPhase;
			buildActionMask = 2147483647;
			files = (
			);
			runOnlyForDeploymentPostprocessing = 0;
		};
		844BFA881AE2D5C1003E18E4 /* Frameworks */ = {
			isa = PBXFrameworksBuildPhase;
			buildActionMask = 2147483647;
			files = (
			);
			runOnlyForDeploymentPostprocessing = 0;
		};
/* End PBXFrameworksBuildPhase section */

/* Begin PBXGroup section */
		844BFA6D1AE2D5C1003E18E4 = {
			isa = PBXGroup;
			children = (
				844BFA781AE2D5C1003E18E4 /* PplwareTableViewExample1 */,
				844BFA8E1AE2D5C1003E18E4 /* PplwareTableViewExample1Tests */,
				844BFA771AE2D5C1003E18E4 /* Products */,
			);
			sourceTree = "<group>";
		};
		844BFA771AE2D5C1003E18E4 /* Products */ = {
			isa = PBXGroup;
			children = (
				844BFA761AE2D5C1003E18E4 /* PplwareTableViewExample1.app */,
				844BFA8B1AE2D5C1003E18E4 /* PplwareTableViewExample1Tests.xctest */,
			);
			name = Products;
			sourceTree = "<group>";
		};
		844BFA781AE2D5C1003E18E4 /* PplwareTableViewExample1 */ = {
			isa = PBXGroup;
			children = (
				844BFA7B1AE2D5C1003E18E4 /* AppDelegate.swift */,
				844BFA7D1AE2D5C1003E18E4 /* ViewController.swift */,
				844BFA7F1AE2D5C1003E18E4 /* Main.storyboard */,
				844BFA821AE2D5C1003E18E4 /* Images.xcassets */,
				844BFA841AE2D5C1003E18E4 /* LaunchScreen.xib */,
				844BFA791AE2D5C1003E18E4 /* Supporting Files */,
			);
			path = PplwareTableViewExample1;
			sourceTree = "<group>";
		};
		844BFA791AE2D5C1003E18E4 /* Supporting Files */ = {
			isa = PBXGroup;
			children = (
				844BFA7A1AE2D5C1003E18E4 /* Info.plist */,
			);
			name = "Supporting Files";
			sourceTree = "<group>";
		};
		844BFA8E1AE2D5C1003E18E4 /* PplwareTableViewExample1Tests */ = {
			isa = PBXGroup;
			children = (
				844BFA911AE2D5C1003E18E4 /* PplwareTableViewExample1Tests.swift */,
				844BFA8F1AE2D5C1003E18E4 /* Supporting Files */,
			);
			path = PplwareTableViewExample1Tests;
			sourceTree = "<group>";
		};
		844BFA8F1AE2D5C1003E18E4 /* Supporting Files */ = {
			isa = PBXGroup;
			children = (
				844BFA901AE2D5C1003E18E4 /* Info.plist */,
			);
			name = "Supporting Files";
			sourceTree = "<group>";
		};
/* End PBXGroup section */

/* Begin PBXNativeTarget section */
		844BFA751AE2D5C1003E18E4 /* PplwareTableViewExample1 */ = {
			isa = PBXNativeTarget;
			buildConfigurationList = 844BFA951AE2D5C1003E18E4 /* Build configuration list for PBXNativeTarget "PplwareTableViewExample1" */;
			buildPhases = (
				844BFA721AE2D5C1003E18E4 /* Sources */,
				844BFA731AE2D5C1003E18E4 /* Frameworks */,
				844BFA741AE2D5C1003E18E4 /* Resources */,
			);
			buildRules = (
			);
			dependencies = (
			);
			name = PplwareTableViewExample1;
			productName = PplwareTableViewExample1;
			productReference = 844BFA761AE2D5C1003E18E4 /* PplwareTableViewExample1.app */;
			productType = "com.apple.product-type.application";
		};
		844BFA8A1AE2D5C1003E18E4 /* PplwareTableViewExample1Tests */ = {
			isa = PBXNativeTarget;
			buildConfigurationList = 844BFA981AE2D5C1003E18E4 /* Build configuration list for PBXNativeTarget "PplwareTableViewExample1Tests" */;
			buildPhases = (
				844BFA871AE2D5C1003E18E4 /* Sources */,
				844BFA881AE2D5C1003E18E4 /* Frameworks */,
				844BFA891AE2D5C1003E18E4 /* Resources */,
			);
			buildRules = (
			);
			dependencies = (
				844BFA8D1AE2D5C1003E18E4 /* PBXTargetDependency */,
			);
			name = PplwareTableViewExample1Tests;
			productName = PplwareTableViewExample1Tests;
			productReference = 844BFA8B1AE2D5C1003E18E4 /* PplwareTableViewExample1Tests.xctest */;
			productType = "com.apple.product-type.bundle.unit-test";
		};
/* End PBXNativeTarget section */

/* Begin PBXProject section */
		844BFA6E1AE2D5C1003E18E4 /* Project object */ = {
			isa = PBXProject;
			attributes = {
				LastUpgradeCheck = 0630;
				ORGANIZATIONNAME = "Edgar Clerigo";
				TargetAttributes = {
					844BFA751AE2D5C1003E18E4 = {
						CreatedOnToolsVersion = 6.3;
					};
					844BFA8A1AE2D5C1003E18E4 = {
						CreatedOnToolsVersion = 6.3;
						TestTargetID = 844BFA751AE2D5C1003E18E4;
					};
				};
			};
			buildConfigurationList = 844BFA711AE2D5C1003E18E4 /* Build configuration list for PBXProject "PplwareTableViewExample1" */;
			compatibilityVersion = "Xcode 3.2";
			developmentRegion = English;
			hasScannedForEncodings = 0;
			knownRegions = (
				en,
				Base,
			);
			mainGroup = 844BFA6D1AE2D5C1003E18E4;
			productRefGroup = 844BFA771AE2D5C1003E18E4 /* Products */;
			projectDirPath = "";
			projectRoot = "";
			targets = (
				844BFA751AE2D5C1003E18E4 /* PplwareTableViewExample1 */,
				844BFA8A1AE2D5C1003E18E4 /* PplwareTableViewExample1Tests */,
			);
		};
/* End PBXProject section */

/* Begin PBXResourcesBuildPhase section */
		844BFA741AE2D5C1003E18E4 /* Resources */ = {
			isa = PBXResourcesBuildPhase;
			buildActionMask = 2147483647;
			files = (
				844BFA811AE2D5C1003E18E4 /* Main.storyboard in Resources */,
				844BFA861AE2D5C1003E18E4 /* LaunchScreen.xib in Resources */,
				844BFA831AE2D5C1003E18E4 /* Images.xcassets in Resources */,
			);
			runOnlyForDeploymentPostprocessing = 0;
		};
		844BFA891AE2D5C1003E18E4 /* Resources */ = {
			isa = PBXResourcesBuildPhase;
			buildActionMask = 2147483647;
			files = (
			);
			runOnlyForDeploymentPostprocessing = 0;
		};
/* End PBXResourcesBuildPhase section */

/* Begin PBXSourcesBuildPhase section */
		844BFA721AE2D5C1003E18E4 /* Sources */ = {
			isa = PBXSourcesBuildPhase;
			buildActionMask = 2147483647;
			files = (
				844BFA7E1AE2D5C1003E18E4 /* ViewController.swift in Sources */,
				844BFA7C1AE2D5C1003E18E4 /* AppDelegate.swift in Sources */,
			);
			runOnlyForDeploymentPostprocessing = 0;
		};
		844BFA871AE2D5C1003E18E4 /* Sources */ = {
			isa = PBXSourcesBuildPhase;
			buildActionMask = 2147483647;
			files = (
				844BFA921AE2D5C1003E18E4 /* PplwareTableViewExample1Tests.swift in Sources */,
			);
			runOnlyForDeploymentPostprocessing = 0;
		};
/* End PBXSourcesBuildPhase section */

/* Begin PBXTargetDependency section */
		844BFA8D1AE2D5C1003E18E4 /* PBXTargetDependency */ = {
			isa = PBXTargetDependency;
			target = 844BFA751AE2D5C1003E18E4 /* PplwareTableViewExample1 */;
			targetProxy = 844BFA8C1AE2D5C1003E18E4 /* PBXContainerItemProxy */;
		};
/* End PBXTargetDependency section */

/* Begin PBXVariantGroup section */
		844BFA7F1AE2D5C1003E18E4 /* Main.storyboard */ = {
			isa = PBXVariantGroup;
			children = (
				844BFA801AE2D5C1003E18E4 /* Base */,
			);
			name = Main.storyboard;
			sourceTree = "<group>";
		};
		844BFA841AE2D5C1003E18E4 /* LaunchScreen.xib */ = {
			isa = PBXVariantGroup;
			children = (
				844BFA851AE2D5C1003E18E4 /* Base */,
			);
			name = LaunchScreen.xib;
			sourceTree = "<group>";
		};
/* End PBXVariantGroup section */

/* Begin XCBuildConfiguration section */
		844BFA931AE2D5C1003E18E4 /* Debug */ = {
			isa = XCBuildConfiguration;
			buildSettings = {
				ALWAYS_SEARCH_USER_PATHS = NO;
				CLANG_CXX_LANGUAGE_STANDARD = "gnu++0x";
				CLANG_CXX_LIBRARY = "libc++";
				CLANG_ENABLE_MODULES = YES;
				CLANG_ENABLE_OBJC_ARC = YES;
				CLANG_WARN_BOOL_CONVERSION = YES;
				CLANG_WARN_CONSTANT_CONVERSION = YES;
				CLANG_WARN_DIRECT_OBJC_ISA_USAGE = YES_ERROR;
				CLANG_WARN_EMPTY_BODY = YES;
				CLANG_WARN_ENUM_CONVERSION = YES;
				CLANG_WARN_INT_CONVERSION = YES;
				CLANG_WARN_OBJC_ROOT_CLASS = YES_ERROR;
				CLANG_WARN_UNREACHABLE_CODE = YES;
				CLANG_WARN__DUPLICATE_METHOD_MATCH = YES;
				"CODE_SIGN_IDENTITY[sdk=iphoneos*]" = "iPhone Developer";
				COPY_PHASE_STRIP = NO;
				DEBUG_INFORMATION_FORMAT = "dwarf-with-dsym";
				ENABLE_STRICT_OBJC_MSGSEND = YES;
				GCC_C_LANGUAGE_STANDARD = gnu99;
				GCC_DYNAMIC_NO_PIC = NO;
				GCC_NO_COMMON_BLOCKS = YES;
				GCC_OPTIMIZATION_LEVEL = 0;
				GCC_PREPROCESSOR_DEFINITIONS = (
					"DEBUG=1",
					"$(inherited)",
				);
				GCC_SYMBOLS_PRIVATE_EXTERN = NO;
				GCC_WARN_64_TO_32_BIT_CONVERSION = YES;
				GCC_WARN_ABOUT_RETURN_TYPE = YES_ERROR;
				GCC_WARN_UNDECLARED_SELECTOR = YES;
				GCC_WARN_UNINITIALIZED_AUTOS = YES_AGGRESSIVE;
				GCC_WARN_UNUSED_FUNCTION = YES;
				GCC_WARN_UNUSED_VARIABLE = YES;
				IPHONEOS_DEPLOYMENT_TARGET = 8.3;
				MTL_ENABLE_DEBUG_INFO = YES;
				ONLY_ACTIVE_ARCH = YES;
				SDKROOT = iphoneos;
				SWIFT_OPTIMIZATION_LEVEL = "-Onone";
			};
			name = Debug;
		};
		844BFA941AE2D5C1003E18E4 /* Release */ = {
			isa = XCBuildConfiguration;
			buildSettings = {
				ALWAYS_SEARCH_USER_PATHS = NO;
				CLANG_CXX_LANGUAGE_STANDARD = "gnu++0x";
				CLANG_CXX_LIBRARY = "libc++";
				CLANG_ENABLE_MODULES = YES;
				CLANG_ENABLE_OBJC_ARC = YES;
				CLANG_WARN_BOOL_CONVERSION = YES;
				CLANG_WARN_CONSTANT_CONVERSION = YES;
				CLANG_WARN_DIRECT_OBJC_ISA_USAGE = YES_ERROR;
				CLANG_WARN_EMPTY_BODY = YES;
				CLANG_WARN_ENUM_CONVERSION = YES;
				CLANG_WARN_INT_CONVERSION = YES;
				CLANG_WARN_OBJC_ROOT_CLASS = YES_ERROR;
				CLANG_WARN_UNREACHABLE_CODE = YES;
				CLANG_WARN__DUPLICATE_METHOD_MATCH = YES;
				"CODE_SIGN_IDENTITY[sdk=iphoneos*]" = "iPhone Developer";
				COPY_PHASE_STRIP = NO;
				DEBUG_INFORMATION_FORMAT = "dwarf-with-dsym";
				ENABLE_NS_ASSERTIONS = NO;
				ENABLE_STRICT_OBJC_MSGSEND = YES;
				GCC_C_LANGUAGE_STANDARD = gnu99;
				GCC_NO_COMMON_BLOCKS = YES;
				GCC_WARN_64_TO_32_BIT_CONVERSION = YES;
				GCC_WARN_ABOUT_RETURN_TYPE = YES_ERROR;
				GCC_WARN_UNDECLARED_SELECTOR = YES;
				GCC_WARN_UNINITIALIZED_AUTOS = YES_AGGRESSIVE;
				GCC_WARN_UNUSED_FUNCTION = YES;
				GCC_WARN_UNUSED_VARIABLE = YES;
				IPHONEOS_DEPLOYMENT_TARGET = 8.3;
				MTL_ENABLE_DEBUG_INFO = NO;
				SDKROOT = iphoneos;
				VALIDATE_PRODUCT = YES;
			};
			name = Release;
		};
		844BFA961AE2D5C1003E18E4 /* Debug */ = {
			isa = XCBuildConfiguration;
			buildSettings = {
				ASSETCATALOG_COMPILER_APPICON_NAME = AppIcon;
				INFOPLIST_FILE = PplwareTableViewExample1/Info.plist;
				LD_RUNPATH_SEARCH_PATHS = "$(inherited) @executable_path/Frameworks";
				PRODUCT_NAME = "$(TARGET_NAME)";
			};
			name = Debug;
		};
		844BFA971AE2D5C1003E18E4 /* Release */ = {
			isa = XCBuildConfiguration;
			buildSettings = {
				ASSETCATALOG_COMPILER_APPICON_NAME = AppIcon;
				INFOPLIST_FILE = PplwareTableViewExample1/Info.plist;
				LD_RUNPATH_SEARCH_PATHS = "$(inherited) @executable_path/Frameworks";
				PRODUCT_NAME = "$(TARGET_NAME)";
			};
			name = Release;
		};
		844BFA991AE2D5C1003E18E4 /* Debug */ = {
			isa = XCBuildConfiguration;
			buildSettings = {
				BUNDLE_LOADER = "$(TEST_HOST)";
				FRAMEWORK_SEARCH_PATHS = (
					"$(SDKROOT)/Developer/Library/Frameworks",
					"$(inherited)",
				);
				GCC_PREPROCESSOR_DEFINITIONS = (
					"DEBUG=1",
					"$(inherited)",
				);
				INFOPLIST_FILE = PplwareTableViewExample1Tests/Info.plist;
				LD_RUNPATH_SEARCH_PATHS = "$(inherited) @executable_path/Frameworks @loader_path/Frameworks";
				PRODUCT_NAME = "$(TARGET_NAME)";
				TEST_HOST = "$(BUILT_PRODUCTS_DIR)/PplwareTableViewExample1.app/PplwareTableViewExample1";
			};
			name = Debug;
		};
		844BFA9A1AE2D5C1003E18E4 /* Release */ = {
			isa = XCBuildConfiguration;
			buildSettings = {
				BUNDLE_LOADER = "$(TEST_HOST)";
				FRAMEWORK_SEARCH_PATHS = (
					"$(SDKROOT)/Developer/Library/Frameworks",
					"$(inherited)",
				);
				INFOPLIST_FILE = PplwareTableViewExample1Tests/Info.plist;
				LD_RUNPATH_SEARCH_PATHS = "$(inherited) @executable_path/Frameworks @loader_path/Frameworks";
				PRODUCT_NAME = "$(TARGET_NAME)";
				TEST_HOST = "$(BUILT_PRODUCTS_DIR)/PplwareTableViewExample1.app/PplwareTableViewExample1";
			};
			name = Release;
		};
/* End XCBuildConfiguration section */

/* Begin XCConfigurationList section */
		844BFA711AE2D5C1003E18E4 /* Build configuration list for PBXProject "PplwareTableViewExample1" */ = {
			isa = XCConfigurationList;
			buildConfigurations = (
				844BFA931AE2D5C1003E18E4 /* Debug */,
				844BFA941AE2D5C1003E18E4 /* Release */,
			);
			defaultConfigurationIsVisible = 0;
			defaultConfigurationName = Release;
		};
		844BFA951AE2D5C1003E18E4 /* Build configuration list for PBXNativeTarget "PplwareTableViewExample1" */ = {
			isa = XCConfigurationList;
			buildConfigurations = (
				844BFA961AE2D5C1003E18E4 /* Debug */,
				844BFA971AE2D5C1003E18E4 /* Release */,
			);
			defaultConfigurationIsVisible = 0;
		};
		844BFA981AE2D5C1003E18E4 /* Build configuration list for PBXNativeTarget "PplwareTableViewExample1Tests" */ = {
			isa = XCConfigurationList;
			buildConfigurations = (
				844BFA991AE2D5C1003E18E4 /* Debug */,
				844BFA9A1AE2D5C1003E18E4 /* Release */,
			);
			defaultConfigurationIsVisible = 0;
		};
/* End XCConfigurationList section */
	};
	rootObject = 844BFA6E1AE2D5C1003E18E4 /* Project object */;
}
